{"1.1.0",
[{<<"mochiweb">>,
  {git,"https://github.com/mochi/mochiweb",
       {ref,"aacb8f2e2fd98a729bd4f54e028c6b742bfb9dcb"}},
  1},
 {<<"mochiweb_html">>,{pkg,<<"mochiweb_html">>,<<"2.15.0">>},0},
 {<<"mochiweb_xpath">>,
  {git,"https://github.com/xnouvilas/mochiweb_xpath.git",
       {ref,"d5b05c97dbf2a9b3085a85c7e5101bc929577b19"}},
  0},
 {<<"poolboy">>,{pkg,<<"poolboy">>,<<"1.5.1">>},0},
 {<<"sync">>,{pkg,<<"sync">>,<<"0.1.3">>},0}]}.
[
{pkg_hash,[
 {<<"mochiweb_html">>, <<"D7402E967D7F9F2912F8BEFA813C37BE62D5EEEDDBBCB6FE986C44E01460D497">>},
 {<<"poolboy">>, <<"6B46163901CFD0A1B43D692657ED9D7E599853B3B21B95AE5AE0A777CF9B6CA8">>},
 {<<"sync">>, <<"C5785FE1311542B76355F403B8E0B35E30DBBEE1F5E89968748CEA4D0A20D289">>}]}
].
